// !$*UTF8*$!
{
	archiveVersion = 1;
	classes = {
	};
	objectVersion = 50;
	objects = {

/* Begin PBXBuildFile section */
		AA1F30BF23326AE6005A2B82 /* main.cpp in Sources */ = {isa = PBXBuildFile; fileRef = AA1F30BE23326AE6005A2B82 /* main.cpp */; };
		AA1F30CA23326B4C005A2B82 /* BabelMockDevice.cpp in Sources */ = {isa = PBXBuildFile; fileRef = AA1F30C823326B4C005A2B82 /* BabelMockDevice.cpp */; };
		AAF39BF72332AB8200A175B6 /* BabelDevice.cpp in Sources */ = {isa = PBXBuildFile; fileRef = AAF39BF52332AB8200A175B6 /* BabelDevice.cpp */; };
/* End PBXBuildFile section */

/* Begin PBXCopyFilesBuildPhase section */
		AA1F30B923326AE6005A2B82 /* CopyFiles */ = {
			isa = PBXCopyFilesBuildPhase;
			buildActionMask = 2147483647;
			dstPath = /usr/share/man/man1/;
			dstSubfolderSpec = 0;
			files = (
			);
			runOnlyForDeploymentPostprocessing = 1;
		};
/* End PBXCopyFilesBuildPhase section */

/* Begin PBXFileReference section */
		AA1F30BB23326AE6005A2B82 /* BabelTest */ = {isa = PBXFileReference; explicitFileType = "compiled.mach-o.executable"; includeInIndex = 0; path = BabelTest; sourceTree = BUILT_PRODUCTS_DIR; };
		AA1F30BE23326AE6005A2B82 /* main.cpp */ = {isa = PBXFileReference; lastKnownFileType = sourcecode.cpp.cpp; path = main.cpp; sourceTree = "<group>"; };
		AA1F30C623326B32005A2B82 /* BabelDevice.h */ = {isa = PBXFileReference; lastKnownFileType = sourcecode.c.h; path = BabelDevice.h; sourceTree = "<group>"; };
		AA1F30C823326B4C005A2B82 /* BabelMockDevice.cpp */ = {isa = PBXFileReference; lastKnownFileType = sourcecode.cpp.cpp; path = BabelMockDevice.cpp; sourceTree = "<group>"; };
		AA1F30C923326B4C005A2B82 /* BabelMockDevice.h */ = {isa = PBXFileReference; lastKnownFileType = sourcecode.c.h; path = BabelMockDevice.h; sourceTree = "<group>"; };
		AAF39BF423329A6500A175B6 /* BabelMacros.h */ = {isa = PBXFileReference; lastKnownFileType = sourcecode.c.h; path = BabelMacros.h; sourceTree = "<group>"; };
		AAF39BF52332AB8200A175B6 /* BabelDevice.cpp */ = {isa = PBXFileReference; lastKnownFileType = sourcecode.cpp.cpp; path = BabelDevice.cpp; sourceTree = "<group>"; };
/* End PBXFileReference section */

/* Begin PBXFrameworksBuildPhase section */
		AA1F30B823326AE6005A2B82 /* Frameworks */ = {
			isa = PBXFrameworksBuildPhase;
			buildActionMask = 2147483647;
			files = (
			);
			runOnlyForDeploymentPostprocessing = 0;
		};
/* End PBXFrameworksBuildPhase section */

/* Begin PBXGroup section */
		AA1F30B223326AE6005A2B82 = {
			isa = PBXGroup;
			children = (
				AA1F30BD23326AE6005A2B82 /* BabelTest */,
				AA1F30BC23326AE6005A2B82 /* Products */,
			);
			sourceTree = "<group>";
		};
		AA1F30BC23326AE6005A2B82 /* Products */ = {
			isa = PBXGroup;
			children = (
				AA1F30BB23326AE6005A2B82 /* BabelTest */,
			);
			name = Products;
			sourceTree = "<group>";
		};
		AA1F30BD23326AE6005A2B82 /* BabelTest */ = {
			isa = PBXGroup;
			children = (
				AAF39BF423329A6500A175B6 /* BabelMacros.h */,
				AA1F30C623326B32005A2B82 /* BabelDevice.h */,
				AAF39BF52332AB8200A175B6 /* BabelDevice.cpp */,
				AA1F30C923326B4C005A2B82 /* BabelMockDevice.h */,
				AA1F30C823326B4C005A2B82 /* BabelMockDevice.cpp */,
				AA1F30BE23326AE6005A2B82 /* main.cpp */,
			);
			path = BabelTest;
			sourceTree = "<group>";
		};
/* End PBXGroup section */

/* Begin PBXNativeTarget section */
		AA1F30BA23326AE6005A2B82 /* BabelTest */ = {
			isa = PBXNativeTarget;
			buildConfigurationList = AA1F30C223326AE6005A2B82 /* Build configuration list for PBXNativeTarget "BabelTest" */;
			buildPhases = (
				AA1F30B723326AE6005A2B82 /* Sources */,
				AA1F30B823326AE6005A2B82 /* Frameworks */,
				AA1F30B923326AE6005A2B82 /* CopyFiles */,
			);
			buildRules = (
			);
			dependencies = (
			);
			name = BabelTest;
			productName = BabelTest;
			productReference = AA1F30BB23326AE6005A2B82 /* BabelTest */;
			productType = "com.apple.product-type.tool";
		};
/* End PBXNativeTarget section */

/* Begin PBXProject section */
		AA1F30B323326AE6005A2B82 /* Project object */ = {
			isa = PBXProject;
			attributes = {
				LastUpgradeCheck = 1020;
				ORGANIZATIONNAME = "Joey Castillo";
				TargetAttributes = {
					AA1F30BA23326AE6005A2B82 = {
						CreatedOnToolsVersion = 10.2.1;
					};
				};
			};
			buildConfigurationList = AA1F30B623326AE6005A2B82 /* Build configuration list for PBXProject "BabelTest" */;
			compatibilityVersion = "Xcode 9.3";
			developmentRegion = en;
			hasScannedForEncodings = 0;
			knownRegions = (
				en,
			);
			mainGroup = AA1F30B223326AE6005A2B82;
			productRefGroup = AA1F30BC23326AE6005A2B82 /* Products */;
			projectDirPath = "";
			projectRoot = "";
			targets = (
				AA1F30BA23326AE6005A2B82 /* BabelTest */,
			);
		};
/* End PBXProject section */

/* Begin PBXSourcesBuildPhase section */
		AA1F30B723326AE6005A2B82 /* Sources */ = {
			isa = PBXSourcesBuildPhase;
			buildActionMask = 2147483647;
			files = (
				AA1F30BF23326AE6005A2B82 /* main.cpp in Sources */,
				AA1F30CA23326B4C005A2B82 /* BabelMockDevice.cpp in Sources */,
				AAF39BF72332AB8200A175B6 /* BabelDevice.cpp in Sources */,
			);
			runOnlyForDeploymentPostprocessing = 0;
		};
/* End PBXSourcesBuildPhase section */

/* Begin XCBuildConfiguration section */
		AA1F30C023326AE6005A2B82 /* Debug */ = {
			isa = XCBuildConfiguration;
			buildSettings = {
				ALWAYS_SEARCH_USER_PATHS = NO;
				CLANG_ANALYZER_NONNULL = YES;
				CLANG_ANALYZER_NUMBER_OBJECT_CONVERSION = YES_AGGRESSIVE;
				CLANG_CXX_LANGUAGE_STANDARD = "gnu++14";
				CLANG_CXX_LIBRARY = "libc++";
				CLANG_ENABLE_MODULES = YES;
				CLANG_ENABLE_OBJC_ARC = YES;
				CLANG_ENABLE_OBJC_WEAK = YES;
				CLANG_WARN_BLOCK_CAPTURE_AUTORELEASING = YES;
				CLANG_WARN_BOOL_CONVERSION = YES;
				CLANG_WARN_COMMA = YES;
				CLANG_WARN_CONSTANT_CONVERSION = YES;
				CLANG_WARN_DEPRECATED_OBJC_IMPLEMENTATIONS = YES;
				CLANG_WARN_DIRECT_OBJC_ISA_USAGE = YES_ERROR;
				CLANG_WARN_DOCUMENTATION_COMMENTS = YES;
				CLANG_WARN_EMPTY_BODY = YES;
				CLANG_WARN_ENUM_CONVERSION = YES;
				CLANG_WARN_INFINITE_RECURSION = YES;
				CLANG_WARN_INT_CONVERSION = YES;
				CLANG_WARN_NON_LITERAL_NULL_CONVERSION = YES;
				CLANG_WARN_OBJC_IMPLICIT_RETAIN_SELF = YES;
				CLANG_WARN_OBJC_LITERAL_CONVERSION = YES;
				CLANG_WARN_OBJC_ROOT_CLASS = YES_ERROR;
				CLANG_WARN_RANGE_LOOP_ANALYSIS = YES;
				CLANG_WARN_STRICT_PROTOTYPES = YES;
				CLANG_WARN_SUSPICIOUS_MOVE = YES;
				CLANG_WARN_UNGUARDED_AVAILABILITY = YES_AGGRESSIVE;
				CLANG_WARN_UNREACHABLE_CODE = YES;
				CLANG_WARN__DUPLICATE_METHOD_MATCH = YES;
				CODE_SIGN_IDENTITY = "-";
				COPY_PHASE_STRIP = NO;
				DEBUG_INFORMATION_FORMAT = dwarf;
				ENABLE_STRICT_OBJC_MSGSEND = YES;
				ENABLE_TESTABILITY = YES;
				GCC_C_LANGUAGE_STANDARD = gnu11;
				GCC_DYNAMIC_NO_PIC = NO;
				GCC_NO_COMMON_BLOCKS = YES;
				GCC_OPTIMIZATION_LEVEL = 0;
				GCC_PREPROCESSOR_DEFINITIONS = (
					"DEBUG=1",
					"$(inherited)",
				);
				GCC_WARN_64_TO_32_BIT_CONVERSION = YES;
				GCC_WARN_ABOUT_RETURN_TYPE = YES_ERROR;
				GCC_WARN_UNDECLARED_SELECTOR = YES;
				GCC_WARN_UNINITIALIZED_AUTOS = YES_AGGRESSIVE;
				GCC_WARN_UNUSED_FUNCTION = YES;
				GCC_WARN_UNUSED_VARIABLE = YES;
				MACOSX_DEPLOYMENT_TARGET = 10.14;
				MTL_ENABLE_DEBUG_INFO = INCLUDE_SOURCE;
				MTL_FAST_MATH = YES;
				ONLY_ACTIVE_ARCH = YES;
				SDKROOT = macosx;
			};
			name = Debug;
		};
		AA1F30C123326AE6005A2B82 /* Release */ = {
			isa = XCBuildConfiguration;
			buildSettings = {
				ALWAYS_SEARCH_USER_PATHS = NO;
				CLANG_ANALYZER_NONNULL = YES;
				CLANG_ANALYZER_NUMBER_OBJECT_CONVERSION = YES_AGGRESSIVE;
				CLANG_CXX_LANGUAGE_STANDARD = "gnu++14";
				CLANG_CXX_LIBRARY = "libc++";
				CLANG_ENABLE_MODULES = YES;
				CLANG_ENABLE_OBJC_ARC = YES;
				CLANG_ENABLE_OBJC_WEAK = YES;
				CLANG_WARN_BLOCK_CAPTURE_AUTORELEASING = YES;
				CLANG_WARN_BOOL_CONVERSION = YES;
				CLANG_WARN_COMMA = YES;
				CLANG_WARN_CONSTANT_CONVERSION = YES;
				CLANG_WARN_DEPRECATED_OBJC_IMPLEMENTATIONS = YES;
				CLANG_WARN_DIRECT_OBJC_ISA_USAGE = YES_ERROR;
				CLANG_WARN_DOCUMENTATION_COMMENTS = YES;
				CLANG_WARN_EMPTY_BODY = YES;
				CLANG_WARN_ENUM_CONVERSION = YES;
				CLANG_WARN_INFINITE_RECURSION = YES;
				CLANG_WARN_INT_CONVERSION = YES;
				CLANG_WARN_NON_LITERAL_NULL_CONVERSION = YES;
				CLANG_WARN_OBJC_IMPLICIT_RETAIN_SELF = YES;
				CLANG_WARN_OBJC_LITERAL_CONVERSION = YES;
				CLANG_WARN_OBJC_ROOT_CLASS = YES_ERROR;
				CLANG_WARN_RANGE_LOOP_ANALYSIS = YES;
				CLANG_WARN_STRICT_PROTOTYPES = YES;
				CLANG_WARN_SUSPICIOUS_MOVE = YES;
				CLANG_WARN_UNGUARDED_AVAILABILITY = YES_AGGRESSIVE;
				CLANG_WARN_UNREACHABLE_CODE = YES;
				CLANG_WARN__DUPLICATE_METHOD_MATCH = YES;
				CODE_SIGN_IDENTITY = "-";
				COPY_PHASE_STRIP = NO;
				DEBUG_INFORMATION_FORMAT = "dwarf-with-dsym";
				ENABLE_NS_ASSERTIONS = NO;
				ENABLE_STRICT_OBJC_MSGSEND = YES;
				GCC_C_LANGUAGE_STANDARD = gnu11;
				GCC_NO_COMMON_BLOCKS = YES;
				GCC_WARN_64_TO_32_BIT_CONVERSION = YES;
				GCC_WARN_ABOUT_RETURN_TYPE = YES_ERROR;
				GCC_WARN_UNDECLARED_SELECTOR = YES;
				GCC_WARN_UNINITIALIZED_AUTOS = YES_AGGRESSIVE;
				GCC_WARN_UNUSED_FUNCTION = YES;
				GCC_WARN_UNUSED_VARIABLE = YES;
				MACOSX_DEPLOYMENT_TARGET = 10.14;
				MTL_ENABLE_DEBUG_INFO = NO;
				MTL_FAST_MATH = YES;
				SDKROOT = macosx;
			};
			name = Release;
		};
		AA1F30C323326AE6005A2B82 /* Debug */ = {
			isa = XCBuildConfiguration;
			buildSettings = {
				CODE_SIGN_STYLE = Automatic;
				PRODUCT_NAME = "$(TARGET_NAME)";
			};
			name = Debug;
		};
		AA1F30C423326AE6005A2B82 /* Release */ = {
			isa = XCBuildConfiguration;
			buildSettings = {
				CODE_SIGN_STYLE = Automatic;
				PRODUCT_NAME = "$(TARGET_NAME)";
			};
			name = Release;
		};
/* End XCBuildConfiguration section */

/* Begin XCConfigurationList section */
		AA1F30B623326AE6005A2B82 /* Build configuration list for PBXProject "BabelTest" */ = {
			isa = XCConfigurationList;
			buildConfigurations = (
				AA1F30C023326AE6005A2B82 /* Debug */,
				AA1F30C123326AE6005A2B82 /* Release */,
			);
			defaultConfigurationIsVisible = 0;
			defaultConfigurationName = Release;
		};
		AA1F30C223326AE6005A2B82 /* Build configuration list for PBXNativeTarget "BabelTest" */ = {
			isa = XCConfigurationList;
			buildConfigurations = (
				AA1F30C323326AE6005A2B82 /* Debug */,
				AA1F30C423326AE6005A2B82 /* Release */,
			);
			defaultConfigurationIsVisible = 0;
			defaultConfigurationName = Release;
		};
/* End XCConfigurationList section */
	};
	rootObject = AA1F30B323326AE6005A2B82 /* Project object */;
}
